version = 1
revision = 1
requires-python = ">=3.12"

[[package]]
name = "black"
version = "25.1.0"
source = { registry = "https://pypi.org/simple" }
dependencies = [
    { name = "click" },
    { name = "mypy-extensions" },
    { name = "packaging" },
    { name = "pathspec" },
    { name = "platformdirs" },
]
sdist = { url = "https://files.pythonhosted.org/packages/94/49/26a7b0f3f35da4b5a65f081943b7bcd22d7002f5f0fb8098ec1ff21cb6ef/black-25.1.0.tar.gz", hash = "sha256:33496d5cd1222ad73391352b4ae8da15253c5de89b93a80b3e2c8d9a19ec2666", size = 649449 }
wheels = [
    { url = "https://files.pythonhosted.org/packages/83/71/3fe4741df7adf015ad8dfa082dd36c94ca86bb21f25608eb247b4afb15b2/black-25.1.0-cp312-cp312-macosx_10_13_x86_64.whl", hash = "sha256:4b60580e829091e6f9238c848ea6750efed72140b91b048770b64e74fe04908b", size = 1650988 },
    { url = "https://files.pythonhosted.org/packages/13/f3/89aac8a83d73937ccd39bbe8fc6ac8860c11cfa0af5b1c96d081facac844/black-25.1.0-cp312-cp312-macosx_11_0_arm64.whl", hash = "sha256:1e2978f6df243b155ef5fa7e558a43037c3079093ed5d10fd84c43900f2d8ecc", size = 1453985 },
    { url = "https://files.pythonhosted.org/packages/6f/22/b99efca33f1f3a1d2552c714b1e1b5ae92efac6c43e790ad539a163d1754/black-25.1.0-cp312-cp312-manylinux_2_17_x86_64.manylinux2014_x86_64.manylinux_2_28_x86_64.whl", hash = "sha256:3b48735872ec535027d979e8dcb20bf4f70b5ac75a8ea99f127c106a7d7aba9f", size = 1783816 },
    { url = "https://files.pythonhosted.org/packages/18/7e/a27c3ad3822b6f2e0e00d63d58ff6299a99a5b3aee69fa77cd4b0076b261/black-25.1.0-cp312-cp312-win_amd64.whl", hash = "sha256:ea0213189960bda9cf99be5b8c8ce66bb054af5e9e861249cd23471bd7b0b3ba", size = 1440860 },
    { url = "https://files.pythonhosted.org/packages/98/87/0edf98916640efa5d0696e1abb0a8357b52e69e82322628f25bf14d263d1/black-25.1.0-cp313-cp313-macosx_10_13_x86_64.whl", hash = "sha256:8f0b18a02996a836cc9c9c78e5babec10930862827b1b724ddfe98ccf2f2fe4f", size = 1650673 },
    { url = "https://files.pythonhosted.org/packages/52/e5/f7bf17207cf87fa6e9b676576749c6b6ed0d70f179a3d812c997870291c3/black-25.1.0-cp313-cp313-macosx_11_0_arm64.whl", hash = "sha256:afebb7098bfbc70037a053b91ae8437c3857482d3a690fefc03e9ff7aa9a5fd3", size = 1453190 },
    { url = "https://files.pythonhosted.org/packages/e3/ee/adda3d46d4a9120772fae6de454c8495603c37c4c3b9c60f25b1ab6401fe/black-25.1.0-cp313-cp313-manylinux_2_17_x86_64.manylinux2014_x86_64.manylinux_2_28_x86_64.whl", hash = "sha256:030b9759066a4ee5e5aca28c3c77f9c64789cdd4de8ac1df642c40b708be6171", size = 1782926 },
    { url = "https://files.pythonhosted.org/packages/cc/64/94eb5f45dcb997d2082f097a3944cfc7fe87e071907f677e80788a2d7b7a/black-25.1.0-cp313-cp313-win_amd64.whl", hash = "sha256:a22f402b410566e2d1c950708c77ebf5ebd5d0d88a6a2e87c86d9fb48afa0d18", size = 1442613 },
    { url = "https://files.pythonhosted.org/packages/09/71/54e999902aed72baf26bca0d50781b01838251a462612966e9fc4891eadd/black-25.1.0-py3-none-any.whl", hash = "sha256:95e8176dae143ba9097f351d174fdaf0ccd29efb414b362ae3fd72bf0f710717", size = 207646 },
]

[[package]]
name = "click"
version = "8.1.8"
source = { registry = "https://pypi.org/simple" }
dependencies = [
    { name = "colorama", marker = "sys_platform == 'win32'" },
]
sdist = { url = "https://files.pythonhosted.org/packages/b9/2e/0090cbf739cee7d23781ad4b89a9894a41538e4fcf4c31dcdd705b78eb8b/click-8.1.8.tar.gz", hash = "sha256:ed53c9d8990d83c2a27deae68e4ee337473f6330c040a31d4225c9574d16096a", size = 226593 }
wheels = [
    { url = "https://files.pythonhosted.org/packages/7e/d4/7ebdbd03970677812aac39c869717059dbb71a4cfc033ca6e5221787892c/click-8.1.8-py3-none-any.whl", hash = "sha256:63c132bbbed01578a06712a2d1f497bb62d9c1c0d329b7903a866228027263b2", size = 98188 },
]

[[package]]
name = "colorama"
version = "0.4.6"
source = { registry = "https://pypi.org/simple" }
sdist = { url = "https://files.pythonhosted.org/packages/d8/53/6f443c9a4a8358a93a6792e2acffb9d9d5cb0a5cfd8802644b7b1c9a02e4/colorama-0.4.6.tar.gz", hash = "sha256:08695f5cb7ed6e0531a20572697297273c47b8cae5a63ffc6d6ed5c201be6e44", size = 27697 }
wheels = [
    { url = "https://files.pythonhosted.org/packages/d1/d6/3965ed04c63042e047cb6a3e6ed1a63a35087b6a609aa3a15ed8ac56c221/colorama-0.4.6-py2.py3-none-any.whl", hash = "sha256:4f1d9991f5acc0ca119f9d443620b77f9d6b33703e51011c16baf57afb285fc6", size = 25335 },
]

[[package]]
name = "mypy-extensions"
version = "1.1.0"
source = { registry = "https://pypi.org/simple" }
sdist = { url = "https://files.pythonhosted.org/packages/a2/6e/371856a3fb9d31ca8dac321cda606860fa4548858c0cc45d9d1d4ca2628b/mypy_extensions-1.1.0.tar.gz", hash = "sha256:52e68efc3284861e772bbcd66823fde5ae21fd2fdb51c62a211403730b916558", size = 6343 }
wheels = [
    { url = "https://files.pythonhosted.org/packages/79/7b/2c79738432f5c924bef5071f933bcc9efd0473bac3b4aa584a6f7c1c8df8/mypy_extensions-1.1.0-py3-none-any.whl", hash = "sha256:1be4cccdb0f2482337c4743e60421de3a356cd97508abadd57d47403e94f5505", size = 4963 },
]

[[package]]
name = "netset"
version = "0.1.0"
source = { virtual = "." }
dependencies = [
    { name = "black" },
    { name = "pyqt6" },
    { name = "pywin32" },
    { name = "wmi" },
]

[package.metadata]
requires-dist = [
    { name = "black", specifier = ">=25.1.0" },
    { name = "pyqt6", specifier = ">=6.9.0" },
    { name = "pywin32", specifier = ">=310" },
    { name = "wmi", specifier = ">=1.5.1" },
]

[[package]]
name = "packaging"
version = "25.0"
source = { registry = "https://pypi.org/simple" }
sdist = { url = "https://files.pythonhosted.org/packages/a1/d4/1fc4078c65507b51b96ca8f8c3ba19e6a61c8253c72794544580a7b6c24d/packaging-25.0.tar.gz", hash = "sha256:d443872c98d677bf60f6a1f2f8c1cb748e8fe762d2bf9d3148b5599295b0fc4f", size = 165727 }
wheels = [
    { url = "https://files.pythonhosted.org/packages/20/12/38679034af332785aac8774540895e234f4d07f7545804097de4b666afd8/packaging-25.0-py3-none-any.whl", hash = "sha256:29572ef2b1f17581046b3a2227d5c611fb25ec70ca1ba8554b24b0e69331a484", size = 66469 },
]

[[package]]
name = "pathspec"
version = "0.12.1"
source = { registry = "https://pypi.org/simple" }
sdist = { url = "https://files.pythonhosted.org/packages/ca/bc/f35b8446f4531a7cb215605d100cd88b7ac6f44ab3fc94870c120ab3adbf/pathspec-0.12.1.tar.gz", hash = "sha256:a482d51503a1ab33b1c67a6c3813a26953dbdc71c31dacaef9a838c4e29f5712", size = 51043 }
wheels = [
    { url = "https://files.pythonhosted.org/packages/cc/20/ff623b09d963f88bfde16306a54e12ee5ea43e9b597108672ff3a408aad6/pathspec-0.12.1-py3-none-any.whl", hash = "sha256:a0d503e138a4c123b27490a4f7beda6a01c6f288df0e4a8b79c7eb0dc7b4cc08", size = 31191 },
]

[[package]]
name = "platformdirs"
version = "4.3.7"
source = { registry = "https://pypi.org/simple" }
sdist = { url = "https://files.pythonhosted.org/packages/b6/2d/7d512a3913d60623e7eb945c6d1b4f0bddf1d0b7ada5225274c87e5b53d1/platformdirs-4.3.7.tar.gz", hash = "sha256:eb437d586b6a0986388f0d6f74aa0cde27b48d0e3d66843640bfb6bdcdb6e351", size = 21291 }
wheels = [
    { url = "https://files.pythonhosted.org/packages/6d/45/59578566b3275b8fd9157885918fcd0c4d74162928a5310926887b856a51/platformdirs-4.3.7-py3-none-any.whl", hash = "sha256:a03875334331946f13c549dbd8f4bac7a13a50a895a0eb1e8c6a8ace80d40a94", size = 18499 },
]

[[package]]
name = "pyqt6"
version = "6.9.0"
source = { registry = "https://pypi.org/simple" }
dependencies = [
    { name = "pyqt6-qt6" },
    { name = "pyqt6-sip" },
]
sdist = { url = "https://files.pythonhosted.org/packages/32/de/102e8e66149085acf38bbf01df572a2cd53259bcd99b7d8ecef0d6b36172/pyqt6-6.9.0.tar.gz", hash = "sha256:6a8ff8e3cd18311bb7d937f7d741e787040ae7ff47ce751c28a94c5cddc1b4e6", size = 1066831 }
wheels = [
    { url = "https://files.pythonhosted.org/packages/97/e5/f9e2b5326d6103bce4894a969be54ce3be4b0a7a6ff848228e6a61a9993f/PyQt6-6.9.0-cp39-abi3-macosx_10_14_universal2.whl", hash = "sha256:5344240747e81bde1a4e0e98d4e6e2d96ad56a985d8f36b69cd529c1ca9ff760", size = 12257215 },
    { url = "https://files.pythonhosted.org/packages/ed/3a/bcc7687c5a11079bbd1606a015514562f2ac8cb01c5e3e4a3b30fcbdad36/PyQt6-6.9.0-cp39-abi3-manylinux_2_28_x86_64.whl", hash = "sha256:e344868228c71fc89a0edeb325497df4ff731a89cfa5fe57a9a4e9baecc9512b", size = 8259731 },
    { url = "https://files.pythonhosted.org/packages/e1/47/13ab0b916b5bad07ab04767b412043f5c1ca206bf38a906b1d8d5c520a98/PyQt6-6.9.0-cp39-abi3-manylinux_2_39_aarch64.whl", hash = "sha256:1cbc5a282454cf19691be09eadbde019783f1ae0523e269b211b0173b67373f6", size = 8207593 },
    { url = "https://files.pythonhosted.org/packages/d1/a8/955cfd880f2725a218ee7b272c005658e857e9224823d49c32c93517f6d9/PyQt6-6.9.0-cp39-abi3-win_amd64.whl", hash = "sha256:d36482000f0cd7ce84a35863766f88a5e671233d5f1024656b600cd8915b3752", size = 6748279 },
    { url = "https://files.pythonhosted.org/packages/9f/38/586ce139b1673a27607f7b85c594878e1bba215abdca3de67732b463f7b2/PyQt6-6.9.0-cp39-abi3-win_arm64.whl", hash = "sha256:0c8b7251608e05b479cfe731f95857e853067459f7cbbcfe90f89de1bcf04280", size = 5478122 },
]

[[package]]
name = "pyqt6-qt6"
version = "6.9.0"
source = { registry = "https://pypi.org/simple" }
wheels = [
    { url = "https://files.pythonhosted.org/packages/e2/11/8c450442bf4702ed810689a045f9c5d9236d709163886f09374fd8d84143/PyQt6_Qt6-6.9.0-py3-none-macosx_10_14_x86_64.whl", hash = "sha256:b1c4e4a78f0f22fbf88556e3d07c99e5ce93032feae5c1e575958d914612e0f9", size = 66804297 },
    { url = "https://files.pythonhosted.org/packages/6e/be/191ba4402c24646f6b98c326ff0ee22e820096c69e67ba5860a687057616/PyQt6_Qt6-6.9.0-py3-none-macosx_11_0_arm64.whl", hash = "sha256:6d3875119dec6bf5f799facea362aa0ad39bb23aa9654112faa92477abccb5ff", size = 60943708 },
    { url = "https://files.pythonhosted.org/packages/0f/70/ec018b6e979b3914c984e5ab7e130918930d5423735ac96c70c328227b9b/PyQt6_Qt6-6.9.0-py3-none-manylinux_2_28_x86_64.whl", hash = "sha256:9c0e603c934e4f130c110190fbf2c482ff1221a58317266570678bc02db6b152", size = 81846956 },
    { url = "https://files.pythonhosted.org/packages/ac/ed/2d78cd08be415a21dac2e7277967b90b0c05afc4782100f0a037447bb1c6/PyQt6_Qt6-6.9.0-py3-none-manylinux_2_39_aarch64.whl", hash = "sha256:cf840e8ae20a0704e0343810cf0e485552db28bf09ea976e58ec0e9b7bb27fcd", size = 80295982 },
    { url = "https://files.pythonhosted.org/packages/6e/24/6b6168a75c7b6a55b9f6b5c897e6164ec15e94594af11a6f358c49845442/PyQt6_Qt6-6.9.0-py3-none-win_amd64.whl", hash = "sha256:c825a6f5a9875ef04ef6681eda16aa3a9e9ad71847aa78dfafcf388c8007aa0a", size = 73652485 },
    { url = "https://files.pythonhosted.org/packages/44/fd/1238931df039e46e128d53974c0cfc9d34da3d54c5662bd589fe7b0a67c2/PyQt6_Qt6-6.9.0-py3-none-win_arm64.whl", hash = "sha256:1188f118d1c570d27fba39707e3d8a48525f979816e73de0da55b9e6fa9ad0a1", size = 49568913 },
]

[[package]]
name = "pyqt6-sip"
version = "13.10.0"
source = { registry = "https://pypi.org/simple" }
sdist = { url = "https://files.pythonhosted.org/packages/90/18/0405c54acba0c8e276dd6f0601890e6e735198218d031a6646104870fe22/pyqt6_sip-13.10.0.tar.gz", hash = "sha256:d6daa95a0bd315d9ec523b549e0ce97455f61ded65d5eafecd83ed2aa4ae5350", size = 92464 }
wheels = [
    { url = "https://files.pythonhosted.org/packages/69/81/66d9bdacb790592a0641378749a047f12e3b254cdc2cb51f7ed636cf01d2/PyQt6_sip-13.10.0-cp312-cp312-macosx_10_9_universal2.whl", hash = "sha256:48791db2914fc39c3218519a02d2a5fd3fcd354a1be3141a57bf2880701486f2", size = 112334 },
    { url = "https://files.pythonhosted.org/packages/26/2c/4796c209009a018e0d4a5c406d5a519234c5a378f370dc679d0ad5f455b2/PyQt6_sip-13.10.0-cp312-cp312-manylinux_2_17_aarch64.manylinux2014_aarch64.whl", hash = "sha256:466d6b4791973c9fcbdc2e0087ed194b9ea802a8c3948867a849498f0841c70c", size = 322334 },
    { url = "https://files.pythonhosted.org/packages/99/34/2ec54bd475f0a811df1d32be485f2344cf9e8b388ce7adb26b46ce5552d4/PyQt6_sip-13.10.0-cp312-cp312-manylinux_2_5_x86_64.manylinux1_x86_64.whl", hash = "sha256:ae15358941f127cd3d1ab09c1ebd45c4dabb0b2e91587b9eebde0279d0039c54", size = 303798 },
    { url = "https://files.pythonhosted.org/packages/0c/e4/82099bb4ab8bc152b5718541e93c0b3adf7566c0f307c9e58e2368b8c517/PyQt6_sip-13.10.0-cp312-cp312-win_amd64.whl", hash = "sha256:ad573184fa8b00041944e5a17d150ab0d08db2d2189e39c9373574ebab3f2e58", size = 53569 },
    { url = "https://files.pythonhosted.org/packages/e3/09/90e0378887a3cb9664da77061229cf8e97e6ec25a5611b7dbc9cc3e02c78/PyQt6_sip-13.10.0-cp312-cp312-win_arm64.whl", hash = "sha256:2d579d810d0047d40bde9c6aef281d6ed218db93c9496ebc9e55b9e6f27a229d", size = 45430 },
    { url = "https://files.pythonhosted.org/packages/6b/0c/8d1de48b45b565a46bf4757341f13f9b1853a7d2e6b023700f0af2c213ab/PyQt6_sip-13.10.0-cp313-cp313-macosx_10_13_universal2.whl", hash = "sha256:7b6e250c2e7c14702a623f2cc1479d7fb8db2b6eee9697cac10d06fe79c281bb", size = 112343 },
    { url = "https://files.pythonhosted.org/packages/af/13/e2cc2b667a9f5d44c2d0e18fa6e1066fca3f4521dcb301f4b5374caeb33e/PyQt6_sip-13.10.0-cp313-cp313-manylinux_2_17_aarch64.manylinux2014_aarch64.whl", hash = "sha256:0fcb30756568f8cd59290f9ef2ae5ee3e72ff9cdd61a6f80c9e3d3b95ae676be", size = 322527 },
    { url = "https://files.pythonhosted.org/packages/20/1a/5c6fcae85edb65cf236c9dc6d23b279b5316e94cdca1abdee6d0a217ddbb/PyQt6_sip-13.10.0-cp313-cp313-manylinux_2_5_x86_64.manylinux1_x86_64.whl", hash = "sha256:757ac52c92b2ef0b56ecc7cd763b55a62d3c14271d7ea8d03315af85a70090ff", size = 303407 },
    { url = "https://files.pythonhosted.org/packages/b9/db/6924ec985be7d746772806b96ab81d24263ef72f0249f0573a82adaed75e/PyQt6_sip-13.10.0-cp313-cp313-win_amd64.whl", hash = "sha256:571900c44a3e38738d696234d94fe2043972b9de0633505451c99e2922cb6a34", size = 53580 },
    { url = "https://files.pythonhosted.org/packages/77/c3/9e44729b582ee7f1d45160e8c292723156889f3e38ce6574f88d5ab8fa02/PyQt6_sip-13.10.0-cp313-cp313-win_arm64.whl", hash = "sha256:39cba2cc71cf80a99b4dc8147b43508d4716e128f9fb99f5eb5860a37f082282", size = 45446 },
]

[[package]]
name = "pywin32"
version = "310"
source = { registry = "https://pypi.org/simple" }
wheels = [
    { url = "https://files.pythonhosted.org/packages/6b/ec/4fdbe47932f671d6e348474ea35ed94227fb5df56a7c30cbbb42cd396ed0/pywin32-310-cp312-cp312-win32.whl", hash = "sha256:8a75a5cc3893e83a108c05d82198880704c44bbaee4d06e442e471d3c9ea4f3d", size = 8796239 },
    { url = "https://files.pythonhosted.org/packages/e3/e5/b0627f8bb84e06991bea89ad8153a9e50ace40b2e1195d68e9dff6b03d0f/pywin32-310-cp312-cp312-win_amd64.whl", hash = "sha256:bf5c397c9a9a19a6f62f3fb821fbf36cac08f03770056711f765ec1503972060", size = 9503839 },
    { url = "https://files.pythonhosted.org/packages/1f/32/9ccf53748df72301a89713936645a664ec001abd35ecc8578beda593d37d/pywin32-310-cp312-cp312-win_arm64.whl", hash = "sha256:2349cc906eae872d0663d4d6290d13b90621eaf78964bb1578632ff20e152966", size = 8459470 },
    { url = "https://files.pythonhosted.org/packages/1c/09/9c1b978ffc4ae53999e89c19c77ba882d9fce476729f23ef55211ea1c034/pywin32-310-cp313-cp313-win32.whl", hash = "sha256:5d241a659c496ada3253cd01cfaa779b048e90ce4b2b38cd44168ad555ce74ab", size = 8794384 },
    { url = "https://files.pythonhosted.org/packages/45/3c/b4640f740ffebadd5d34df35fecba0e1cfef8fde9f3e594df91c28ad9b50/pywin32-310-cp313-cp313-win_amd64.whl", hash = "sha256:667827eb3a90208ddbdcc9e860c81bde63a135710e21e4cb3348968e4bd5249e", size = 9503039 },
    { url = "https://files.pythonhosted.org/packages/b4/f4/f785020090fb050e7fb6d34b780f2231f302609dc964672f72bfaeb59a28/pywin32-310-cp313-cp313-win_arm64.whl", hash = "sha256:e308f831de771482b7cf692a1f308f8fca701b2d8f9dde6cc440c7da17e47b33", size = 8458152 },
]

[[package]]
name = "wmi"
version = "1.5.1"
source = { registry = "https://pypi.org/simple" }
dependencies = [
    { name = "pywin32" },
]
sdist = { url = "https://files.pythonhosted.org/packages/d4/66/6364deb0a03415f96c66803d8c4379f808f2401da3bdb183348487b10510/WMI-1.5.1.tar.gz", hash = "sha256:b6a6be5711b1b6c8d55bda7a8befd75c48c12b770b9d227d31c1737dbf0d40a6", size = 26254 }
wheels = [
    { url = "https://files.pythonhosted.org/packages/ee/b9/a80d1ed4d115dac8e2ac08d16af046a77ab58e3d186e22395bf2add24090/WMI-1.5.1-py2.py3-none-any.whl", hash = "sha256:1d6b085e5c445141c475476000b661f60fff1aaa19f76bf82b7abb92e0ff4942", size = 28912 },
]
